
Microsoft Visual Studio Solution File, Format Version 12.00
# Visual Studio 15
VisualStudioVersion = 15.0.27004.2009
MinimumVisualStudioVersion = 10.0.40219.1
Project("{FAE04EC0-301F-11D3-BF4B-00C04F79EFBC}") = "Console", "Console\Console.csproj", "{3E1DF9FA-6BE2-449A-9771-0EEAB70DD6E8}"
EndProject
Project("{FAE04EC0-301F-11D3-BF4B-00C04F79EFBC}") = "Messaging", "Messaging\Messaging.csproj", "{98439A4F-3399-4BCD-AB87-75055E0F0C89}"
EndProject
Global
	GlobalSection(SolutionConfigurationPlatforms) = preSolution
		Debug|Any CPU = Debug|Any CPU
		Release|Any CPU = Release|Any CPU
	EndGlobalSection
	GlobalSection(ProjectConfigurationPlatforms) = postSolution
		{3E1DF9FA-6BE2-449A-9771-0EEAB70DD6E8}.Debug|Any CPU.ActiveCfg = Debug|Any CPU
		{3E1DF9FA-6BE2-449A-9771-0EEAB70DD6E8}.Debug|Any CPU.Build.0 = Debug|Any CPU
		{3E1DF9FA-6BE2-449A-9771-0EEAB70DD6E8}.Release|Any CPU.ActiveCfg = Release|Any CPU
		{3E1DF9FA-6BE2-449A-9771-0EEAB70DD6E8}.Release|Any CPU.Build.0 = Release|Any CPU
		{98439A4F-3399-4BCD-AB87-75055E0F0C89}.Debug|Any CPU.ActiveCfg = Debug|Any CPU
		{98439A4F-3399-4BCD-AB87-75055E0F0C89}.Debug|Any CPU.Build.0 = Debug|Any CPU
		{98439A4F-3399-4BCD-AB87-75055E0F0C89}.Release|Any CPU.ActiveCfg = Release|Any CPU
		{98439A4F-3399-4BCD-AB87-75055E0F0C89}.Release|Any CPU.Build.0 = Release|Any CPU
	EndGlobalSection
	GlobalSection(SolutionProperties) = preSolution
		HideSolutionNode = FALSE
	EndGlobalSection
	GlobalSection(ExtensibilityGlobals) = postSolution
		SolutionGuid = {46A556B4-236E-45E1-ACDE-01CA992873E3}
	EndGlobalSection
EndGlobal
